
Microsoft Visual Studio Solution File, Format Version 12.00
# Visual Studio Version 16
VisualStudioVersion = 25.0.1706.1
MinimumVisualStudioVersion = 10.0.40219.1
Project("{FAE04EC0-301F-11D3-BF4B-00C04F79EFBC}") = "FirstProject", "FirstProject\FirstProject.csproj", "{120A0089-2A42-4A33-8A97-454A46E8239B}"
EndProject
Global
	GlobalSection(SolutionConfigurationPlatforms) = preSolution
		Debug|Any CPU = Debug|Any CPU
		Release|Any CPU = Release|Any CPU
	EndGlobalSection
	GlobalSection(ProjectConfigurationPlatforms) = postSolution
		{120A0089-2A42-4A33-8A97-454A46E8239B}.Debug|Any CPU.ActiveCfg = Debug|Any CPU
		{120A0089-2A42-4A33-8A97-454A46E8239B}.Debug|Any CPU.Build.0 = Debug|Any CPU
		{120A0089-2A42-4A33-8A97-454A46E8239B}.Release|Any CPU.ActiveCfg = Release|Any CPU
		{120A0089-2A42-4A33-8A97-454A46E8239B}.Release|Any CPU.Build.0 = Release|Any CPU
	EndGlobalSection
	GlobalSection(SolutionProperties) = preSolution
		HideSolutionNode = FALSE
	EndGlobalSection
	GlobalSection(ExtensibilityGlobals) = postSolution
		SolutionGuid = {6F729038-0F6E-45CB-9CB6-B676F3E6F17C}
	EndGlobalSection
EndGlobal
